# This file is generated by running "yarn install" inside your project.
# Manual changes might be lost - proceed with caution!

__metadata:
  version: 6
  cacheKey: 8

"@napi-rs/cli@npm:^2.11.1":
  version: 2.11.1
  resolution: "@napi-rs/cli@npm:2.11.1"
  bin:
    napi: scripts/index.js
  checksum: 249493cebeb20c3daa58282eb068d1af3266f911df2149cfb0c88d83838ca24f6b82aa7b8eafcf6e5171c5204b92cc7e458b8672f65ae5aa9213bfe1f3154ff6
  languageName: node
  linkType: hard

"chrome_password-win32-x64-msvc@npm:0.3.0":
  version: 0.3.0
  resolution: "chrome_password-win32-x64-msvc@npm:0.3.0"
  conditions: os=win32 & cpu=x64
  languageName: node
  linkType: hard

"chrome_password@workspace:.":
  version: 0.0.0-use.local
  resolution: "chrome_password@workspace:."
  dependencies:
    "@napi-rs/cli": ^2.11.1
    chrome_password-win32-x64-msvc: 0.3.0
  dependenciesMeta:
    chrome_password-win32-x64-msvc:
      optional: true
  bin:
    chrome_password: cli.js
  languageName: unknown
  linkType: soft
