# This file is generated by running "yarn install" inside your project.
# Manual changes might be lost - proceed with caution!

__metadata:
  version: 8
  cacheKey: 10c0

"@napi-rs/cli@npm:^2.18.4":
  version: 2.18.4
  resolution: "@napi-rs/cli@npm:2.18.4"
  bin:
    napi: scripts/index.js
  checksum: 10c0/cb80bc86687ba01077a0faa8d38198bc632b7caacf3a42ec42c3ec04700084ca26be9eec13bf7ac7da90e6afb46c65a39de8a86825a53b74dec2f2f459c0a7ea
  languageName: node
  linkType: hard

"chrome_password-win32-x64-msvc@npm:0.4.0":
  version: 0.4.0
  resolution: "chrome_password-win32-x64-msvc@npm:0.4.0"
  conditions: os=win32 & cpu=x64
  languageName: node
  linkType: hard

"chrome_password@workspace:.":
  version: 0.0.0-use.local
  resolution: "chrome_password@workspace:."
  dependencies:
    "@napi-rs/cli": "npm:^2.18.4"
    chrome_password-win32-x64-msvc: "npm:0.4.0"
  dependenciesMeta:
    chrome_password-win32-x64-msvc:
      optional: true
  bin:
    chrome_password: cli.js
  languageName: unknown
  linkType: soft
